<?xml version="1.0" encoding="utf-8"?>
<Project ToolsVersion="4.0" xmlns="http://schemas.microsoft.com/developer/msbuild/2003">
  <ItemGroup>
    <Filter Include="Source Files">
      <UniqueIdentifier>{4FC737F1-C7A5-4376-A066-2A32D752A2FF}</UniqueIdentifier>
      <Extensions>cpp;c;cc;cxx;def;odl;idl;hpj;bat;asm;asmx</Extensions>
    </Filter>
    <Filter Include="Header Files">
      <UniqueIdentifier>{93995380-89BD-4b04-88EB-625FBE52EBFB}</UniqueIdentifier>
      <Extensions>h;hh;hpp;hxx;hm;inl;inc;xsd</Extensions>
    </Filter>
    <Filter Include="Resource Files">
      <UniqueIdentifier>{67DA6AB6-F800-4c08-8B7A-83BB121AAD01}</UniqueIdentifier>
      <Extensions>rc;ico;cur;bmp;dlg;rc2;rct;bin;rgs;gif;jpg;jpeg;jpe;resx;tiff;tif;png;wav;mfcribbon-ms</Extensions>
    </Filter>
    <Filter Include="gui">
      <UniqueIdentifier>{e6359f46-30e2-427f-97df-7037f9c9a17b}</UniqueIdentifier>
    </Filter>
    <Filter Include="control">
      <UniqueIdentifier>{8e72a79c-df43-42d4-a772-83ff60b171fb}</UniqueIdentifier>
    </Filter>
    <Filter Include="device">
      <UniqueIdentifier>{7cd74cec-54d7-4420-84b4-7cf7a417163c}</UniqueIdentifier>
    </Filter>
  </ItemGroup>
  <ItemGroup>
    <ClCompile Include="main.cpp">
      <Filter>Source Files</Filter>
    </ClCompile>
    <ClCompile Include="media_topology.cpp">
      <Filter>Source Files</Filter>
    </ClCompile>
    <ClCompile Include="media_session.cpp">
      <Filter>Source Files</Filter>
    </ClCompile>
    <ClCompile Include="presentation_clock.cpp">
      <Filter>Source Files</Filter>
    </ClCompile>
    <ClCompile Include="media_sample.cpp">
      <Filter>Source Files</Filter>
    </ClCompile>
    <ClCompile Include="transform_color_converter.cpp">
      <Filter>Source Files</Filter>
    </ClCompile>
    <ClCompile Include="transform_h264_encoder.cpp">
      <Filter>Source Files</Filter>
    </ClCompile>
    <ClCompile Include="sink_preview2.cpp">
      <Filter>Source Files</Filter>
    </ClCompile>
    <ClCompile Include="transform_aac_encoder.cpp">
      <Filter>Source Files</Filter>
    </ClCompile>
    <ClCompile Include="request_packet.cpp">
      <Filter>Source Files</Filter>
    </ClCompile>
    <ClCompile Include="sink_audio.cpp">
      <Filter>Source Files</Filter>
    </ClCompile>
    <ClCompile Include="sink_mpeg2.cpp">
      <Filter>Source Files</Filter>
    </ClCompile>
    <ClCompile Include="gui_newdlg.cpp">
      <Filter>gui</Filter>
    </ClCompile>
    <ClCompile Include="output_file.cpp">
      <Filter>Source Files</Filter>
    </ClCompile>
    <ClCompile Include="media_stream.cpp">
      <Filter>Source Files</Filter>
    </ClCompile>
    <ClCompile Include="gui_mainwnd.cpp">
      <Filter>gui</Filter>
    </ClCompile>
    <ClCompile Include="gui_previewwnd.cpp">
      <Filter>gui</Filter>
    </ClCompile>
    <ClCompile Include="gui_dlgs.cpp">
      <Filter>gui</Filter>
    </ClCompile>
    <ClCompile Include="source_empty.cpp">
      <Filter>Source Files</Filter>
    </ClCompile>
    <ClCompile Include="assert.cpp">
      <Filter>Source Files</Filter>
    </ClCompile>
    <ClCompile Include="sink_file.cpp">
      <Filter>Source Files</Filter>
    </ClCompile>
    <ClCompile Include="media_component.cpp">
      <Filter>Source Files</Filter>
    </ClCompile>
    <ClCompile Include="control_pipeline2.cpp">
      <Filter>control</Filter>
    </ClCompile>
    <ClCompile Include="control_scene2.cpp">
      <Filter>control</Filter>
    </ClCompile>
    <ClCompile Include="control_displaycapture5.cpp">
      <Filter>control</Filter>
    </ClCompile>
    <ClCompile Include="control_wasapi.cpp">
      <Filter>control</Filter>
    </ClCompile>
    <ClCompile Include="control_class.cpp">
      <Filter>control</Filter>
    </ClCompile>
    <ClCompile Include="control_video2.cpp">
      <Filter>control</Filter>
    </ClCompile>
    <ClCompile Include="transform_videomixer.cpp">
      <Filter>Source Files</Filter>
    </ClCompile>
    <ClCompile Include="audio_resampler.cpp">
      <Filter>Source Files</Filter>
    </ClCompile>
    <ClCompile Include="transform_audiomixer2.cpp">
      <Filter>Source Files</Filter>
    </ClCompile>
    <ClCompile Include="source_vidcap.cpp">
      <Filter>Source Files</Filter>
    </ClCompile>
    <ClCompile Include="control_vidcap.cpp">
      <Filter>control</Filter>
    </ClCompile>
    <ClCompile Include="source_displaycapture.cpp">
      <Filter>Source Files</Filter>
    </ClCompile>
    <ClCompile Include="source_wasapi.cpp">
      <Filter>Source Files</Filter>
    </ClCompile>
    <ClCompile Include="video_source_helper.cpp">
      <Filter>Source Files</Filter>
    </ClCompile>
  </ItemGroup>
  <ItemGroup>
    <ClInclude Include="media_session.h">
      <Filter>Header Files</Filter>
    </ClInclude>
    <ClInclude Include="media_stream.h">
      <Filter>Header Files</Filter>
    </ClInclude>
    <ClInclude Include="media_topology.h">
      <Filter>Header Files</Filter>
    </ClInclude>
    <ClInclude Include="media_sample.h">
      <Filter>Header Files</Filter>
    </ClInclude>
    <ClInclude Include="AsyncCallback.h">
      <Filter>Header Files</Filter>
    </ClInclude>
    <ClInclude Include="IUnknownImpl.h">
      <Filter>Header Files</Filter>
    </ClInclude>
    <ClInclude Include="media_sink.h">
      <Filter>Header Files</Filter>
    </ClInclude>
    <ClInclude Include="presentation_clock.h">
      <Filter>Header Files</Filter>
    </ClInclude>
    <ClInclude Include="async_callback.h">
      <Filter>Header Files</Filter>
    </ClInclude>
    <ClInclude Include="enable_shared_from_this.h">
      <Filter>Header Files</Filter>
    </ClInclude>
    <ClInclude Include="transform_color_converter.h">
      <Filter>Header Files</Filter>
    </ClInclude>
    <ClInclude Include="transform_h264_encoder.h">
      <Filter>Header Files</Filter>
    </ClInclude>
    <ClInclude Include="sink_preview2.h">
      <Filter>Header Files</Filter>
    </ClInclude>
    <ClInclude Include="request_packet.h">
      <Filter>Header Files</Filter>
    </ClInclude>
    <ClInclude Include="transform_aac_encoder.h">
      <Filter>Header Files</Filter>
    </ClInclude>
    <ClInclude Include="sink_audio.h">
      <Filter>Header Files</Filter>
    </ClInclude>
    <ClInclude Include="sink_mpeg2.h">
      <Filter>Header Files</Filter>
    </ClInclude>
    <ClInclude Include="assert.h">
      <Filter>Header Files</Filter>
    </ClInclude>
    <ClInclude Include="wtl.h">
      <Filter>gui</Filter>
    </ClInclude>
    <ClInclude Include="resource.h">
      <Filter>gui</Filter>
    </ClInclude>
    <ClInclude Include="gui_newdlg.h">
      <Filter>gui</Filter>
    </ClInclude>
    <ClInclude Include="media_component.h">
      <Filter>Header Files</Filter>
    </ClInclude>
    <ClInclude Include="output_file.h">
      <Filter>Header Files</Filter>
    </ClInclude>
    <ClInclude Include="gui_mainwnd.h">
      <Filter>gui</Filter>
    </ClInclude>
    <ClInclude Include="gui_previewwnd.h">
      <Filter>gui</Filter>
    </ClInclude>
    <ClInclude Include="gui_dlgs.h">
      <Filter>gui</Filter>
    </ClInclude>
    <ClInclude Include="source_empty.h">
      <Filter>Header Files</Filter>
    </ClInclude>
    <ClInclude Include="sink_file.h">
      <Filter>Header Files</Filter>
    </ClInclude>
    <ClInclude Include="control_class.h">
      <Filter>control</Filter>
    </ClInclude>
    <ClInclude Include="control_displaycapture5.h">
      <Filter>control</Filter>
    </ClInclude>
    <ClInclude Include="control_scene2.h">
      <Filter>control</Filter>
    </ClInclude>
    <ClInclude Include="control_wasapi.h">
      <Filter>control</Filter>
    </ClInclude>
    <ClInclude Include="control_pipeline2.h">
      <Filter>control</Filter>
    </ClInclude>
    <ClInclude Include="control_video2.h">
      <Filter>control</Filter>
    </ClInclude>
    <ClInclude Include="transform_mixer.h">
      <Filter>Header Files</Filter>
    </ClInclude>
    <ClInclude Include="transform_videomixer.h">
      <Filter>Header Files</Filter>
    </ClInclude>
    <ClInclude Include="buffer_pool.h">
      <Filter>Header Files</Filter>
    </ClInclude>
    <ClInclude Include="audio_resampler.h">
      <Filter>Header Files</Filter>
    </ClInclude>
    <ClInclude Include="transform_audiomixer2.h">
      <Filter>Header Files</Filter>
    </ClInclude>
    <ClInclude Include="source_vidcap.h">
      <Filter>Header Files</Filter>
    </ClInclude>
    <ClInclude Include="control_vidcap.h">
      <Filter>control</Filter>
    </ClInclude>
    <ClInclude Include="source_base.h">
      <Filter>Header Files</Filter>
    </ClInclude>
    <ClInclude Include="source_displaycapture.h">
      <Filter>Header Files</Filter>
    </ClInclude>
    <ClInclude Include="source_wasapi.h">
      <Filter>Header Files</Filter>
    </ClInclude>
    <ClInclude Include="video_source_helper.h">
      <Filter>Header Files</Filter>
    </ClInclude>
    <ClInclude Include="request_dispatcher.h">
      <Filter>Header Files</Filter>
    </ClInclude>
    <ClInclude Include="request_queue_handler.h">
      <Filter>Header Files</Filter>
    </ClInclude>
  </ItemGroup>
  <ItemGroup>
    <ResourceCompile Include="streaming.rc">
      <Filter>Resource Files</Filter>
    </ResourceCompile>
  </ItemGroup>
  <ItemGroup>
    <Image Include="icon1.ico">
      <Filter>Resource Files</Filter>
    </Image>
  </ItemGroup>
</Project>